// !$*UTF8*$!
{
	archiveVersion = 1;
	classes = {
	};
	objectVersion = 46;
	objects = {

/* Begin PBXBuildFile section */
		8DEE72D11F55014300F172EB /* AppDelegate.swift in Sources */ = {isa = PBXBuildFile; fileRef = 8DEE72D01F55014300F172EB /* AppDelegate.swift */; };
		8DEE72D31F55014300F172EB /* ViewController.swift in Sources */ = {isa = PBXBuildFile; fileRef = 8DEE72D21F55014300F172EB /* ViewController.swift */; };
		8DEE72D61F55014300F172EB /* Main.storyboard in Resources */ = {isa = PBXBuildFile; fileRef = 8DEE72D41F55014300F172EB /* Main.storyboard */; };
		8DEE72D81F55014300F172EB /* Assets.xcassets in Resources */ = {isa = PBXBuildFile; fileRef = 8DEE72D71F55014300F172EB /* Assets.xcassets */; };
		8DEE72DB1F55014300F172EB /* LaunchScreen.storyboard in Resources */ = {isa = PBXBuildFile; fileRef = 8DEE72D91F55014300F172EB /* LaunchScreen.storyboard */; };
/* End PBXBuildFile section */

/* Begin PBXFileReference section */
		8DEE72CD1F55014300F172EB /* IMC.app */ = {isa = PBXFileReference; explicitFileType = wrapper.application; includeInIndex = 0; path = IMC.app; sourceTree = BUILT_PRODUCTS_DIR; };
		8DEE72D01F55014300F172EB /* AppDelegate.swift */ = {isa = PBXFileReference; lastKnownFileType = sourcecode.swift; path = AppDelegate.swift; sourceTree = "<group>"; };
		8DEE72D21F55014300F172EB /* ViewController.swift */ = {isa = PBXFileReference; lastKnownFileType = sourcecode.swift; path = ViewController.swift; sourceTree = "<group>"; };
		8DEE72D51F55014300F172EB /* Base */ = {isa = PBXFileReference; lastKnownFileType = file.storyboard; name = Base; path = Base.lproj/Main.storyboard; sourceTree = "<group>"; };
		8DEE72D71F55014300F172EB /* Assets.xcassets */ = {isa = PBXFileReference; lastKnownFileType = folder.assetcatalog; path = Assets.xcassets; sourceTree = "<group>"; };
		8DEE72DA1F55014300F172EB /* Base */ = {isa = PBXFileReference; lastKnownFileType = file.storyboard; name = Base; path = Base.lproj/LaunchScreen.storyboard; sourceTree = "<group>"; };
		8DEE72DC1F55014300F172EB /* Info.plist */ = {isa = PBXFileReference; lastKnownFileType = text.plist.xml; path = Info.plist; sourceTree = "<group>"; };
/* End PBXFileReference section */

/* Begin PBXFrameworksBuildPhase section */
		8DEE72CA1F55014200F172EB /* Frameworks */ = {
			isa = PBXFrameworksBuildPhase;
			buildActionMask = 2147483647;
			files = (
			);
			runOnlyForDeploymentPostprocessing = 0;
		};
/* End PBXFrameworksBuildPhase section */

/* Begin PBXGroup section */
		8DEE72C41F55014200F172EB = {
			isa = PBXGroup;
			children = (
				8DEE72CF1F55014300F172EB /* IMC */,
				8DEE72CE1F55014300F172EB /* Products */,
			);
			sourceTree = "<group>";
		};
		8DEE72CE1F55014300F172EB /* Products */ = {
			isa = PBXGroup;
			children = (
				8DEE72CD1F55014300F172EB /* IMC.app */,
			);
			name = Products;
			sourceTree = "<group>";
		};
		8DEE72CF1F55014300F172EB /* IMC */ = {
			isa = PBXGroup;
			children = (
				8DEE72D01F55014300F172EB /* AppDelegate.swift */,
				8DEE72D21F55014300F172EB /* ViewController.swift */,
				8DEE72D41F55014300F172EB /* Main.storyboard */,
				8DEE72D71F55014300F172EB /* Assets.xcassets */,
				8DEE72D91F55014300F172EB /* LaunchScreen.storyboard */,
				8DEE72DC1F55014300F172EB /* Info.plist */,
			);
			path = IMC;
			sourceTree = "<group>";
		};
/* End PBXGroup section */

/* Begin PBXNativeTarget section */
		8DEE72CC1F55014200F172EB /* IMC */ = {
			isa = PBXNativeTarget;
			buildConfigurationList = 8DEE72DF1F55014300F172EB /* Build configuration list for PBXNativeTarget "IMC" */;
			buildPhases = (
				8DEE72C91F55014200F172EB /* Sources */,
				8DEE72CA1F55014200F172EB /* Frameworks */,
				8DEE72CB1F55014200F172EB /* Resources */,
			);
			buildRules = (
			);
			dependencies = (
			);
			name = IMC;
			productName = IMC;
			productReference = 8DEE72CD1F55014300F172EB /* IMC.app */;
			productType = "com.apple.product-type.application";
		};
/* End PBXNativeTarget section */

/* Begin PBXProject section */
		8DEE72C51F55014200F172EB /* Project object */ = {
			isa = PBXProject;
			attributes = {
				LastSwiftUpdateCheck = 0820;
				LastUpgradeCheck = 0820;
				ORGANIZATIONNAME = practica;
				TargetAttributes = {
					8DEE72CC1F55014200F172EB = {
						CreatedOnToolsVersion = 8.2.1;
						DevelopmentTeam = CKKLKBN96H;
						ProvisioningStyle = Automatic;
					};
				};
			};
			buildConfigurationList = 8DEE72C81F55014200F172EB /* Build configuration list for PBXProject "IMC" */;
			compatibilityVersion = "Xcode 3.2";
			developmentRegion = English;
			hasScannedForEncodings = 0;
			knownRegions = (
				en,
				Base,
			);
			mainGroup = 8DEE72C41F55014200F172EB;
			productRefGroup = 8DEE72CE1F55014300F172EB /* Products */;
			projectDirPath = "";
			projectRoot = "";
			targets = (
				8DEE72CC1F55014200F172EB /* IMC */,
			);
		};
/* End PBXProject section */

/* Begin PBXResourcesBuildPhase section */
		8DEE72CB1F55014200F172EB /* Resources */ = {
			isa = PBXResourcesBuildPhase;
			buildActionMask = 2147483647;
			files = (
				8DEE72DB1F55014300F172EB /* LaunchScreen.storyboard in Resources */,
				8DEE72D81F55014300F172EB /* Assets.xcassets in Resources */,
				8DEE72D61F55014300F172EB /* Main.storyboard in Resources */,
			);
			runOnlyForDeploymentPostprocessing = 0;
		};
/* End PBXResourcesBuildPhase section */

/* Begin PBXSourcesBuildPhase section */
		8DEE72C91F55014200F172EB /* Sources */ = {
			isa = PBXSourcesBuildPhase;
			buildActionMask = 2147483647;
			files = (
				8DEE72D31F55014300F172EB /* ViewController.swift in Sources */,
				8DEE72D11F55014300F172EB /* AppDelegate.swift in Sources */,
			);
			runOnlyForDeploymentPostprocessing = 0;
		};
/* End PBXSourcesBuildPhase section */

/* Begin PBXVariantGroup section */
		8DEE72D41F55014300F172EB /* Main.storyboard */ = {
			isa = PBXVariantGroup;
			children = (
				8DEE72D51F55014300F172EB /* Base */,
			);
			name = Main.storyboard;
			sourceTree = "<group>";
		};
		8DEE72D91F55014300F172EB /* LaunchScreen.storyboard */ = {
			isa = PBXVariantGroup;
			children = (
				8DEE72DA1F55014300F172EB /* Base */,
			);
			name = LaunchScreen.storyboard;
			sourceTree = "<group>";
		};
/* End PBXVariantGroup section */

/* Begin XCBuildConfiguration section */
		8DEE72DD1F55014300F172EB /* Debug */ = {
			isa = XCBuildConfiguration;
			buildSettings = {
				ALWAYS_SEARCH_USER_PATHS = NO;
				CLANG_ANALYZER_NONNULL = YES;
				CLANG_CXX_LANGUAGE_STANDARD = "gnu++0x";
				CLANG_CXX_LIBRARY = "libc++";
				CLANG_ENABLE_MODULES = YES;
				CLANG_ENABLE_OBJC_ARC = YES;
				CLANG_WARN_BOOL_CONVERSION = YES;
				CLANG_WARN_CONSTANT_CONVERSION = YES;
				CLANG_WARN_DIRECT_OBJC_ISA_USAGE = YES_ERROR;
				CLANG_WARN_DOCUMENTATION_COMMENTS = YES;
				CLANG_WARN_EMPTY_BODY = YES;
				CLANG_WARN_ENUM_CONVERSION = YES;
				CLANG_WARN_INFINITE_RECURSION = YES;
				CLANG_WARN_INT_CONVERSION = YES;
				CLANG_WARN_OBJC_ROOT_CLASS = YES_ERROR;
				CLANG_WARN_SUSPICIOUS_MOVE = YES;
				CLANG_WARN_UNREACHABLE_CODE = YES;
				CLANG_WARN__DUPLICATE_METHOD_MATCH = YES;
				"CODE_SIGN_IDENTITY[sdk=iphoneos*]" = "iPhone Developer";
				COPY_PHASE_STRIP = NO;
				DEBUG_INFORMATION_FORMAT = dwarf;
				ENABLE_STRICT_OBJC_MSGSEND = YES;
				ENABLE_TESTABILITY = YES;
				GCC_C_LANGUAGE_STANDARD = gnu99;
				GCC_DYNAMIC_NO_PIC = NO;
				GCC_NO_COMMON_BLOCKS = YES;
				GCC_OPTIMIZATION_LEVEL = 0;
				GCC_PREPROCESSOR_DEFINITIONS = (
					"DEBUG=1",
					"$(inherited)",
				);
				GCC_WARN_64_TO_32_BIT_CONVERSION = YES;
				GCC_WARN_ABOUT_RETURN_TYPE = YES_ERROR;
				GCC_WARN_UNDECLARED_SELECTOR = YES;
				GCC_WARN_UNINITIALIZED_AUTOS = YES_AGGRESSIVE;
				GCC_WARN_UNUSED_FUNCTION = YES;
				GCC_WARN_UNUSED_VARIABLE = YES;
				IPHONEOS_DEPLOYMENT_TARGET = 10.2;
				MTL_ENABLE_DEBUG_INFO = YES;
				ONLY_ACTIVE_ARCH = YES;
				SDKROOT = iphoneos;
				SWIFT_ACTIVE_COMPILATION_CONDITIONS = DEBUG;
				SWIFT_OPTIMIZATION_LEVEL = "-Onone";
			};
			name = Debug;
		};
		8DEE72DE1F55014300F172EB /* Release */ = {
			isa = XCBuildConfiguration;
			buildSettings = {
				ALWAYS_SEARCH_USER_PATHS = NO;
				CLANG_ANALYZER_NONNULL = YES;
				CLANG_CXX_LANGUAGE_STANDARD = "gnu++0x";
				CLANG_CXX_LIBRARY = "libc++";
				CLANG_ENABLE_MODULES = YES;
				CLANG_ENABLE_OBJC_ARC = YES;
				CLANG_WARN_BOOL_CONVERSION = YES;
				CLANG_WARN_CONSTANT_CONVERSION = YES;
				CLANG_WARN_DIRECT_OBJC_ISA_USAGE = YES_ERROR;
				CLANG_WARN_DOCUMENTATION_COMMENTS = YES;
				CLANG_WARN_EMPTY_BODY = YES;
				CLANG_WARN_ENUM_CONVERSION = YES;
				CLANG_WARN_INFINITE_RECURSION = YES;
				CLANG_WARN_INT_CONVERSION = YES;
				CLANG_WARN_OBJC_ROOT_CLASS = YES_ERROR;
				CLANG_WARN_SUSPICIOUS_MOVE = YES;
				CLANG_WARN_UNREACHABLE_CODE = YES;
				CLANG_WARN__DUPLICATE_METHOD_MATCH = YES;
				"CODE_SIGN_IDENTITY[sdk=iphoneos*]" = "iPhone Developer";
				COPY_PHASE_STRIP = NO;
				DEBUG_INFORMATION_FORMAT = "dwarf-with-dsym";
				ENABLE_NS_ASSERTIONS = NO;
				ENABLE_STRICT_OBJC_MSGSEND = YES;
				GCC_C_LANGUAGE_STANDARD = gnu99;
				GCC_NO_COMMON_BLOCKS = YES;
				GCC_WARN_64_TO_32_BIT_CONVERSION = YES;
				GCC_WARN_ABOUT_RETURN_TYPE = YES_ERROR;
				GCC_WARN_UNDECLARED_SELECTOR = YES;
				GCC_WARN_UNINITIALIZED_AUTOS = YES_AGGRESSIVE;
				GCC_WARN_UNUSED_FUNCTION = YES;
				GCC_WARN_UNUSED_VARIABLE = YES;
				IPHONEOS_DEPLOYMENT_TARGET = 10.2;
				MTL_ENABLE_DEBUG_INFO = NO;
				SDKROOT = iphoneos;
				SWIFT_OPTIMIZATION_LEVEL = "-Owholemodule";
				VALIDATE_PRODUCT = YES;
			};
			name = Release;
		};
		8DEE72E01F55014300F172EB /* Debug */ = {
			isa = XCBuildConfiguration;
			buildSettings = {
				ASSETCATALOG_COMPILER_APPICON_NAME = AppIcon;
				DEVELOPMENT_TEAM = CKKLKBN96H;
				INFOPLIST_FILE = IMC/Info.plist;
				LD_RUNPATH_SEARCH_PATHS = "$(inherited) @executable_path/Frameworks";
				PRODUCT_BUNDLE_IDENTIFIER = com.gmail.jairomoreno9606.IMC;
				PRODUCT_NAME = "$(TARGET_NAME)";
				SWIFT_VERSION = 3.0;
			};
			name = Debug;
		};
		8DEE72E11F55014300F172EB /* Release */ = {
			isa = XCBuildConfiguration;
			buildSettings = {
				ASSETCATALOG_COMPILER_APPICON_NAME = AppIcon;
				DEVELOPMENT_TEAM = CKKLKBN96H;
				INFOPLIST_FILE = IMC/Info.plist;
				LD_RUNPATH_SEARCH_PATHS = "$(inherited) @executable_path/Frameworks";
				PRODUCT_BUNDLE_IDENTIFIER = com.gmail.jairomoreno9606.IMC;
				PRODUCT_NAME = "$(TARGET_NAME)";
				SWIFT_VERSION = 3.0;
			};
			name = Release;
		};
/* End XCBuildConfiguration section */

/* Begin XCConfigurationList section */
		8DEE72C81F55014200F172EB /* Build configuration list for PBXProject "IMC" */ = {
			isa = XCConfigurationList;
			buildConfigurations = (
				8DEE72DD1F55014300F172EB /* Debug */,
				8DEE72DE1F55014300F172EB /* Release */,
			);
			defaultConfigurationIsVisible = 0;
			defaultConfigurationName = Release;
		};
		8DEE72DF1F55014300F172EB /* Build configuration list for PBXNativeTarget "IMC" */ = {
			isa = XCConfigurationList;
			buildConfigurations = (
				8DEE72E01F55014300F172EB /* Debug */,
				8DEE72E11F55014300F172EB /* Release */,
			);
			defaultConfigurationIsVisible = 0;
		};
/* End XCConfigurationList section */
	};
	rootObject = 8DEE72C51F55014200F172EB /* Project object */;
}
